Microsoft Visual Studio Solution File, Format Version 12.00
# Visual Studio Version 17
VisualStudioVersion = 17.5.2.0
MinimumVisualStudioVersion = 10.0.40219.1
Project("{FAE04EC0-301F-11D3-BF4B-00C04F79EFBC}") = "erp_pessoal", "erp_pessoal.csproj", "{BB63ABAC-F2AA-C939-CA47-828B359A1F02}"
EndProject
Global
	GlobalSection(SolutionConfigurationPlatforms) = preSolution
		Debug|Any CPU = Debug|Any CPU
		Release|Any CPU = Release|Any CPU
	EndGlobalSection
	GlobalSection(ProjectConfigurationPlatforms) = postSolution
		{BB63ABAC-F2AA-C939-CA47-828B359A1F02}.Debug|Any CPU.ActiveCfg = Debug|Any CPU
		{BB63ABAC-F2AA-C939-CA47-828B359A1F02}.Debug|Any CPU.Build.0 = Debug|Any CPU
		{BB63ABAC-F2AA-C939-CA47-828B359A1F02}.Release|Any CPU.ActiveCfg = Release|Any CPU
		{BB63ABAC-F2AA-C939-CA47-828B359A1F02}.Release|Any CPU.Build.0 = Release|Any CPU
	EndGlobalSection
	GlobalSection(SolutionProperties) = preSolution
		HideSolutionNode = FALSE
	EndGlobalSection
	GlobalSection(ExtensibilityGlobals) = postSolution
		SolutionGuid = {2A68801A-83FC-46A9-BF78-E8D0BF59FA00}
	EndGlobalSection
EndGlobal
