
Microsoft Visual Studio Solution File, Format Version 12.00
# Visual Studio Version 17
VisualStudioVersion = 17.5.2.0
MinimumVisualStudioVersion = 10.0.40219.1
Project("{FAE04EC0-301F-11D3-BF4B-00C04F79EFBC}") = "erp_pessoal", "erp_pessoal.csproj", "{BB63ABAC-F2AA-C939-CA47-828B359A1F02}"
EndProject
Project("{FAE04EC0-301F-11D3-BF4B-00C04F79EFBC}") = "Presentation", "Presentation\Presentation.csproj", "{EE7138B6-4A40-4BE8-A6E1-67FC395C8BFE}"
EndProject
Project("{FAE04EC0-301F-11D3-BF4B-00C04F79EFBC}") = "Application", "Application\Application.csproj", "{37DE79AD-BA4E-4DBF-A3E1-1DCC26B3FBDA}"
EndProject
Project("{FAE04EC0-301F-11D3-BF4B-00C04F79EFBC}") = "Domain", "Domain\Domain.csproj", "{CD4235BA-BD1B-49F9-A970-9D821CC36E2C}"
EndProject
Project("{FAE04EC0-301F-11D3-BF4B-00C04F79EFBC}") = "Infrastructure", "Infrastructure\Infrastructure.csproj", "{DADB3593-3246-4A95-A011-A5D524532703}"
EndProject
Global
	GlobalSection(SolutionConfigurationPlatforms) = preSolution
		Debug|Any CPU = Debug|Any CPU
		Debug|x64 = Debug|x64
		Debug|x86 = Debug|x86
		Release|Any CPU = Release|Any CPU
		Release|x64 = Release|x64
		Release|x86 = Release|x86
	EndGlobalSection
	GlobalSection(ProjectConfigurationPlatforms) = postSolution
		{BB63ABAC-F2AA-C939-CA47-828B359A1F02}.Debug|Any CPU.ActiveCfg = Debug|Any CPU
		{BB63ABAC-F2AA-C939-CA47-828B359A1F02}.Debug|Any CPU.Build.0 = Debug|Any CPU
		{BB63ABAC-F2AA-C939-CA47-828B359A1F02}.Debug|x64.ActiveCfg = Debug|Any CPU
		{BB63ABAC-F2AA-C939-CA47-828B359A1F02}.Debug|x64.Build.0 = Debug|Any CPU
		{BB63ABAC-F2AA-C939-CA47-828B359A1F02}.Debug|x86.ActiveCfg = Debug|Any CPU
		{BB63ABAC-F2AA-C939-CA47-828B359A1F02}.Debug|x86.Build.0 = Debug|Any CPU
		{BB63ABAC-F2AA-C939-CA47-828B359A1F02}.Release|Any CPU.ActiveCfg = Release|Any CPU
		{BB63ABAC-F2AA-C939-CA47-828B359A1F02}.Release|Any CPU.Build.0 = Release|Any CPU
		{BB63ABAC-F2AA-C939-CA47-828B359A1F02}.Release|x64.ActiveCfg = Release|Any CPU
		{BB63ABAC-F2AA-C939-CA47-828B359A1F02}.Release|x64.Build.0 = Release|Any CPU
		{BB63ABAC-F2AA-C939-CA47-828B359A1F02}.Release|x86.ActiveCfg = Release|Any CPU
		{BB63ABAC-F2AA-C939-CA47-828B359A1F02}.Release|x86.Build.0 = Release|Any CPU
		{EE7138B6-4A40-4BE8-A6E1-67FC395C8BFE}.Debug|Any CPU.ActiveCfg = Debug|Any CPU
		{EE7138B6-4A40-4BE8-A6E1-67FC395C8BFE}.Debug|Any CPU.Build.0 = Debug|Any CPU
		{EE7138B6-4A40-4BE8-A6E1-67FC395C8BFE}.Debug|x64.ActiveCfg = Debug|Any CPU
		{EE7138B6-4A40-4BE8-A6E1-67FC395C8BFE}.Debug|x64.Build.0 = Debug|Any CPU
		{EE7138B6-4A40-4BE8-A6E1-67FC395C8BFE}.Debug|x86.ActiveCfg = Debug|Any CPU
		{EE7138B6-4A40-4BE8-A6E1-67FC395C8BFE}.Debug|x86.Build.0 = Debug|Any CPU
		{EE7138B6-4A40-4BE8-A6E1-67FC395C8BFE}.Release|Any CPU.ActiveCfg = Release|Any CPU
		{EE7138B6-4A40-4BE8-A6E1-67FC395C8BFE}.Release|Any CPU.Build.0 = Release|Any CPU
		{EE7138B6-4A40-4BE8-A6E1-67FC395C8BFE}.Release|x64.ActiveCfg = Release|Any CPU
		{EE7138B6-4A40-4BE8-A6E1-67FC395C8BFE}.Release|x64.Build.0 = Release|Any CPU
		{EE7138B6-4A40-4BE8-A6E1-67FC395C8BFE}.Release|x86.ActiveCfg = Release|Any CPU
		{EE7138B6-4A40-4BE8-A6E1-67FC395C8BFE}.Release|x86.Build.0 = Release|Any CPU
		{37DE79AD-BA4E-4DBF-A3E1-1DCC26B3FBDA}.Debug|Any CPU.ActiveCfg = Debug|Any CPU
		{37DE79AD-BA4E-4DBF-A3E1-1DCC26B3FBDA}.Debug|Any CPU.Build.0 = Debug|Any CPU
		{37DE79AD-BA4E-4DBF-A3E1-1DCC26B3FBDA}.Debug|x64.ActiveCfg = Debug|Any CPU
		{37DE79AD-BA4E-4DBF-A3E1-1DCC26B3FBDA}.Debug|x64.Build.0 = Debug|Any CPU
		{37DE79AD-BA4E-4DBF-A3E1-1DCC26B3FBDA}.Debug|x86.ActiveCfg = Debug|Any CPU
		{37DE79AD-BA4E-4DBF-A3E1-1DCC26B3FBDA}.Debug|x86.Build.0 = Debug|Any CPU
		{37DE79AD-BA4E-4DBF-A3E1-1DCC26B3FBDA}.Release|Any CPU.ActiveCfg = Release|Any CPU
		{37DE79AD-BA4E-4DBF-A3E1-1DCC26B3FBDA}.Release|Any CPU.Build.0 = Release|Any CPU
		{37DE79AD-BA4E-4DBF-A3E1-1DCC26B3FBDA}.Release|x64.ActiveCfg = Release|Any CPU
		{37DE79AD-BA4E-4DBF-A3E1-1DCC26B3FBDA}.Release|x64.Build.0 = Release|Any CPU
		{37DE79AD-BA4E-4DBF-A3E1-1DCC26B3FBDA}.Release|x86.ActiveCfg = Release|Any CPU
		{37DE79AD-BA4E-4DBF-A3E1-1DCC26B3FBDA}.Release|x86.Build.0 = Release|Any CPU
		{CD4235BA-BD1B-49F9-A970-9D821CC36E2C}.Debug|Any CPU.ActiveCfg = Debug|Any CPU
		{CD4235BA-BD1B-49F9-A970-9D821CC36E2C}.Debug|Any CPU.Build.0 = Debug|Any CPU
		{CD4235BA-BD1B-49F9-A970-9D821CC36E2C}.Debug|x64.ActiveCfg = Debug|Any CPU
		{CD4235BA-BD1B-49F9-A970-9D821CC36E2C}.Debug|x64.Build.0 = Debug|Any CPU
		{CD4235BA-BD1B-49F9-A970-9D821CC36E2C}.Debug|x86.ActiveCfg = Debug|Any CPU
		{CD4235BA-BD1B-49F9-A970-9D821CC36E2C}.Debug|x86.Build.0 = Debug|Any CPU
		{CD4235BA-BD1B-49F9-A970-9D821CC36E2C}.Release|Any CPU.ActiveCfg = Release|Any CPU
		{CD4235BA-BD1B-49F9-A970-9D821CC36E2C}.Release|Any CPU.Build.0 = Release|Any CPU
		{CD4235BA-BD1B-49F9-A970-9D821CC36E2C}.Release|x64.ActiveCfg = Release|Any CPU
		{CD4235BA-BD1B-49F9-A970-9D821CC36E2C}.Release|x64.Build.0 = Release|Any CPU
		{CD4235BA-BD1B-49F9-A970-9D821CC36E2C}.Release|x86.ActiveCfg = Release|Any CPU
		{CD4235BA-BD1B-49F9-A970-9D821CC36E2C}.Release|x86.Build.0 = Release|Any CPU
		{DADB3593-3246-4A95-A011-A5D524532703}.Debug|Any CPU.ActiveCfg = Debug|Any CPU
		{DADB3593-3246-4A95-A011-A5D524532703}.Debug|Any CPU.Build.0 = Debug|Any CPU
		{DADB3593-3246-4A95-A011-A5D524532703}.Debug|x64.ActiveCfg = Debug|Any CPU
		{DADB3593-3246-4A95-A011-A5D524532703}.Debug|x64.Build.0 = Debug|Any CPU
		{DADB3593-3246-4A95-A011-A5D524532703}.Debug|x86.ActiveCfg = Debug|Any CPU
		{DADB3593-3246-4A95-A011-A5D524532703}.Debug|x86.Build.0 = Debug|Any CPU
		{DADB3593-3246-4A95-A011-A5D524532703}.Release|Any CPU.ActiveCfg = Release|Any CPU
		{DADB3593-3246-4A95-A011-A5D524532703}.Release|Any CPU.Build.0 = Release|Any CPU
		{DADB3593-3246-4A95-A011-A5D524532703}.Release|x64.ActiveCfg = Release|Any CPU
		{DADB3593-3246-4A95-A011-A5D524532703}.Release|x64.Build.0 = Release|Any CPU
		{DADB3593-3246-4A95-A011-A5D524532703}.Release|x86.ActiveCfg = Release|Any CPU
		{DADB3593-3246-4A95-A011-A5D524532703}.Release|x86.Build.0 = Release|Any CPU
	EndGlobalSection
	GlobalSection(SolutionProperties) = preSolution
		HideSolutionNode = FALSE
	EndGlobalSection
	GlobalSection(ExtensibilityGlobals) = postSolution
		SolutionGuid = {2A68801A-83FC-46A9-BF78-E8D0BF59FA00}
	EndGlobalSection
EndGlobal
